
Microsoft Visual Studio Solution File, Format Version 12.00
# Visual Studio Version 17
VisualStudioVersion = 17.0.31903.59
MinimumVisualStudioVersion = 10.0.40219.1
Project("{9A19103F-16F7-4668-BE54-9A1E7A4F7556}") = "ConsoleApp1", "ConsoleApp1\ConsoleApp1.csproj", "{45A6E33F-0B0E-4035-A499-553127D4E5E5}"
EndProject
Global
	GlobalSection(SolutionConfigurationPlatforms) = preSolution
		Debug|Any CPU = Debug|Any CPU
		Release|Any CPU = Release|Any CPU
	EndGlobalSection
	GlobalSection(ProjectConfigurationPlatforms) = postSolution
		{45A6E33F-0B0E-4035-A499-553127D4E5E5}.Debug|Any CPU.ActiveCfg = Debug|Any CPU
		{45A6E33F-0B0E-4035-A499-553127D4E5E5}.Debug|Any CPU.Build.0 = Debug|Any CPU
		{45A6E33F-0B0E-4035-A499-553127D4E5E5}.Release|Any CPU.ActiveCfg = Release|Any CPU
		{45A6E33F-0B0E-4035-A499-553127D4E5E5}.Release|Any CPU.Build.0 = Release|Any CPU
	EndGlobalSection
	GlobalSection(SolutionProperties) = preSolution
		HideSolutionNode = FALSE
	EndGlobalSection
	GlobalSection(ExtensibilityGlobals) = postSolution
		SolutionGuid = {4D2000CA-D3C8-4950-971E-8525BF66CAB5}
	EndGlobalSection
EndGlobal
